
Microsoft Visual Studio Solution File, Format Version 12.00
# Visual Studio Version 16
VisualStudioVersion = 16.0.31424.327
MinimumVisualStudioVersion = 10.0.40219.1
Project("{9A19103F-16F7-4668-BE54-9A1E7A4F7556}") = "CsvParser", "CsvParser.csproj", "{5DD031D6-05B4-4C02-9E54-A488EBD9CA56}"
EndProject
Project("{9A19103F-16F7-4668-BE54-9A1E7A4F7556}") = "CsvParserRun", "..\csvParserRun\CsvParserRun.csproj", "{38B454C8-0B0A-4B2C-B40A-7B8ECB180207}"
EndProject
Project("{9A19103F-16F7-4668-BE54-9A1E7A4F7556}") = "CsvParserTests", "..\csvparserTests\CsvParserTests.csproj", "{8D1ED332-E7FF-4434-9A74-1C76D27B4430}"
EndProject
Project("{FAE04EC0-301F-11D3-BF4B-00C04F79EFBC}") = "ConsoleTable", "..\ConsoleTable\ConsoleTable.csproj", "{3DBC2A2C-D477-455A-837A-5006D286FA02}"
EndProject
Project("{FAE04EC0-301F-11D3-BF4B-00C04F79EFBC}") = "ConsoleTableTests", "..\ConsoleTableTests\ConsoleTableTests.csproj", "{B27E7E3D-D1E7-469A-811D-9A0FB2AC54F7}"
EndProject
Global
	GlobalSection(SolutionConfigurationPlatforms) = preSolution
		Debug|Any CPU = Debug|Any CPU
		Release|Any CPU = Release|Any CPU
	EndGlobalSection
	GlobalSection(ProjectConfigurationPlatforms) = postSolution
		{5DD031D6-05B4-4C02-9E54-A488EBD9CA56}.Debug|Any CPU.ActiveCfg = Debug|Any CPU
		{5DD031D6-05B4-4C02-9E54-A488EBD9CA56}.Debug|Any CPU.Build.0 = Debug|Any CPU
		{5DD031D6-05B4-4C02-9E54-A488EBD9CA56}.Release|Any CPU.ActiveCfg = Release|Any CPU
		{5DD031D6-05B4-4C02-9E54-A488EBD9CA56}.Release|Any CPU.Build.0 = Release|Any CPU
		{38B454C8-0B0A-4B2C-B40A-7B8ECB180207}.Debug|Any CPU.ActiveCfg = Debug|Any CPU
		{38B454C8-0B0A-4B2C-B40A-7B8ECB180207}.Debug|Any CPU.Build.0 = Debug|Any CPU
		{38B454C8-0B0A-4B2C-B40A-7B8ECB180207}.Release|Any CPU.ActiveCfg = Release|Any CPU
		{38B454C8-0B0A-4B2C-B40A-7B8ECB180207}.Release|Any CPU.Build.0 = Release|Any CPU
		{8D1ED332-E7FF-4434-9A74-1C76D27B4430}.Debug|Any CPU.ActiveCfg = Debug|Any CPU
		{8D1ED332-E7FF-4434-9A74-1C76D27B4430}.Debug|Any CPU.Build.0 = Debug|Any CPU
		{8D1ED332-E7FF-4434-9A74-1C76D27B4430}.Release|Any CPU.ActiveCfg = Release|Any CPU
		{8D1ED332-E7FF-4434-9A74-1C76D27B4430}.Release|Any CPU.Build.0 = Release|Any CPU
		{3DBC2A2C-D477-455A-837A-5006D286FA02}.Debug|Any CPU.ActiveCfg = Debug|Any CPU
		{3DBC2A2C-D477-455A-837A-5006D286FA02}.Debug|Any CPU.Build.0 = Debug|Any CPU
		{3DBC2A2C-D477-455A-837A-5006D286FA02}.Release|Any CPU.ActiveCfg = Release|Any CPU
		{3DBC2A2C-D477-455A-837A-5006D286FA02}.Release|Any CPU.Build.0 = Release|Any CPU
		{B27E7E3D-D1E7-469A-811D-9A0FB2AC54F7}.Debug|Any CPU.ActiveCfg = Debug|Any CPU
		{B27E7E3D-D1E7-469A-811D-9A0FB2AC54F7}.Debug|Any CPU.Build.0 = Debug|Any CPU
		{B27E7E3D-D1E7-469A-811D-9A0FB2AC54F7}.Release|Any CPU.ActiveCfg = Release|Any CPU
		{B27E7E3D-D1E7-469A-811D-9A0FB2AC54F7}.Release|Any CPU.Build.0 = Release|Any CPU
	EndGlobalSection
	GlobalSection(SolutionProperties) = preSolution
		HideSolutionNode = FALSE
	EndGlobalSection
	GlobalSection(ExtensibilityGlobals) = postSolution
		SolutionGuid = {FC92AD1C-F03A-433E-908F-E96312BCB7E1}
	EndGlobalSection
EndGlobal
